
Microsoft Visual Studio Solution File, Format Version 12.00
# Visual Studio Version 17
VisualStudioVersion = 17.7.34221.43
MinimumVisualStudioVersion = 10.0.40219.1
Project("{9A19103F-16F7-4668-BE54-9A1E7A4F7556}") = "EscolaApi", "EscolaApi.csproj", "{B63A4F3B-25B2-42C0-A3B4-ED7A0577A748}"
EndProject
Global
	GlobalSection(SolutionConfigurationPlatforms) = preSolution
		Debug|Any CPU = Debug|Any CPU
		Release|Any CPU = Release|Any CPU
	EndGlobalSection
	GlobalSection(ProjectConfigurationPlatforms) = postSolution
		{B63A4F3B-25B2-42C0-A3B4-ED7A0577A748}.Debug|Any CPU.ActiveCfg = Debug|Any CPU
		{B63A4F3B-25B2-42C0-A3B4-ED7A0577A748}.Debug|Any CPU.Build.0 = Debug|Any CPU
		{B63A4F3B-25B2-42C0-A3B4-ED7A0577A748}.Release|Any CPU.ActiveCfg = Release|Any CPU
		{B63A4F3B-25B2-42C0-A3B4-ED7A0577A748}.Release|Any CPU.Build.0 = Release|Any CPU
	EndGlobalSection
	GlobalSection(SolutionProperties) = preSolution
		HideSolutionNode = FALSE
	EndGlobalSection
	GlobalSection(ExtensibilityGlobals) = postSolution
		SolutionGuid = {9F96E4FD-99AD-476E-BA62-139D2255383D}
	EndGlobalSection
EndGlobal
